
Microsoft Visual Studio Solution File, Format Version 12.00
# Visual Studio Version 17
VisualStudioVersion = 17.5.002.0
MinimumVisualStudioVersion = 10.0.40219.1
Project("{9A19103F-16F7-4668-BE54-9A1E7A4F7556}") = "password_generator", "src\password_generator.csproj", "{2D068F8B-9B1A-414B-91E5-87382BB85AC2}"
EndProject
Project("{9A19103F-16F7-4668-BE54-9A1E7A4F7556}") = "test", "test\test.csproj", "{859C49C0-14B8-48CA-B2D7-7A7313B2829A}"
EndProject
Global
	GlobalSection(SolutionConfigurationPlatforms) = preSolution
		Debug|Any CPU = Debug|Any CPU
		Release|Any CPU = Release|Any CPU
	EndGlobalSection
	GlobalSection(ProjectConfigurationPlatforms) = postSolution
		{2D068F8B-9B1A-414B-91E5-87382BB85AC2}.Debug|Any CPU.ActiveCfg = Debug|Any CPU
		{2D068F8B-9B1A-414B-91E5-87382BB85AC2}.Debug|Any CPU.Build.0 = Debug|Any CPU
		{2D068F8B-9B1A-414B-91E5-87382BB85AC2}.Release|Any CPU.ActiveCfg = Release|Any CPU
		{2D068F8B-9B1A-414B-91E5-87382BB85AC2}.Release|Any CPU.Build.0 = Release|Any CPU
		{859C49C0-14B8-48CA-B2D7-7A7313B2829A}.Debug|Any CPU.ActiveCfg = Debug|Any CPU
		{859C49C0-14B8-48CA-B2D7-7A7313B2829A}.Debug|Any CPU.Build.0 = Debug|Any CPU
		{859C49C0-14B8-48CA-B2D7-7A7313B2829A}.Release|Any CPU.ActiveCfg = Release|Any CPU
		{859C49C0-14B8-48CA-B2D7-7A7313B2829A}.Release|Any CPU.Build.0 = Release|Any CPU
	EndGlobalSection
	GlobalSection(SolutionProperties) = preSolution
		HideSolutionNode = FALSE
	EndGlobalSection
	GlobalSection(ExtensibilityGlobals) = postSolution
		SolutionGuid = {2D93B041-8EC1-411F-8DED-61F1F8AC0961}
	EndGlobalSection
EndGlobal
